// !$*UTF8*$!
{
	archiveVersion = 1;
	classes = {
	};
	objectVersion = 46;
	objects = {

/* Begin PBXBuildFile section */
		A903C23B15D0CB34004609F2 /* POAPinyin.m in Sources */ = {isa = PBXBuildFile; fileRef = A903C23A15D0CB34004609F2 /* POAPinyin.m */; };
		A904D65515BE829A00588F92 /* AVFoundation.framework in Frameworks */ = {isa = PBXBuildFile; fileRef = A904D65415BE829A00588F92 /* AVFoundation.framework */; };
		A90BA73015D12F8000A1B1AA /* TKCoverflowCoverView.m in Sources */ = {isa = PBXBuildFile; fileRef = A90BA72715D12F8000A1B1AA /* TKCoverflowCoverView.m */; };
		A90BA73115D12F8000A1B1AA /* TKCoverflowView.m in Sources */ = {isa = PBXBuildFile; fileRef = A90BA72915D12F8000A1B1AA /* TKCoverflowView.m */; };
		A90BA73215D12F8000A1B1AA /* TKGlobal.m in Sources */ = {isa = PBXBuildFile; fileRef = A90BA72B15D12F8000A1B1AA /* TKGlobal.m */; };
		A90BA73315D12F8000A1B1AA /* UIImage+TKCategory.m in Sources */ = {isa = PBXBuildFile; fileRef = A90BA72D15D12F8000A1B1AA /* UIImage+TKCategory.m */; };
		A90BA73415D12F8000A1B1AA /* UIView+TKCategory.m in Sources */ = {isa = PBXBuildFile; fileRef = A90BA72F15D12F8000A1B1AA /* UIView+TKCategory.m */; };
		A90BA73C15D12F9D00A1B1AA /* FPPopoverController.m in Sources */ = {isa = PBXBuildFile; fileRef = A90BA73715D12F9D00A1B1AA /* FPPopoverController.m */; };
		A90BA73D15D12F9D00A1B1AA /* FPPopoverView.m in Sources */ = {isa = PBXBuildFile; fileRef = A90BA73915D12F9D00A1B1AA /* FPPopoverView.m */; };
		A90BA73E15D12F9D00A1B1AA /* FPTouchView.m in Sources */ = {isa = PBXBuildFile; fileRef = A90BA73B15D12F9D00A1B1AA /* FPTouchView.m */; };
		A90BA74315D1319700A1B1AA /* IPodLibrarySwitchViewController.m in Sources */ = {isa = PBXBuildFile; fileRef = A90BA74215D1319700A1B1AA /* IPodLibrarySwitchViewController.m */; };
		A90BA74715D131B000A1B1AA /* IPodLibraryMainViewController.m in Sources */ = {isa = PBXBuildFile; fileRef = A90BA74515D131B000A1B1AA /* IPodLibraryMainViewController.m */; };
		A90BA74815D131B000A1B1AA /* IPodLibraryMainViewController.xib in Resources */ = {isa = PBXBuildFile; fileRef = A90BA74615D131B000A1B1AA /* IPodLibraryMainViewController.xib */; };
		A90BA74F15D1326900A1B1AA /* AllSongsViewController.m in Sources */ = {isa = PBXBuildFile; fileRef = A90BA74D15D1326900A1B1AA /* AllSongsViewController.m */; };
		A90BA75015D1326900A1B1AA /* AllSongsViewController.xib in Resources */ = {isa = PBXBuildFile; fileRef = A90BA74E15D1326900A1B1AA /* AllSongsViewController.xib */; };
		A90BA75515D1328800A1B1AA /* AlbumViewController.m in Sources */ = {isa = PBXBuildFile; fileRef = A90BA75315D1328800A1B1AA /* AlbumViewController.m */; };
		A90BA75615D1328800A1B1AA /* AlbumViewController.xib in Resources */ = {isa = PBXBuildFile; fileRef = A90BA75415D1328800A1B1AA /* AlbumViewController.xib */; };
		A90BA75A15D132A000A1B1AA /* CoverFlowViewController.m in Sources */ = {isa = PBXBuildFile; fileRef = A90BA75915D132A000A1B1AA /* CoverFlowViewController.m */; };
		A90BA75F15D132B600A1B1AA /* CoverflowSelectViewController.m in Sources */ = {isa = PBXBuildFile; fileRef = A90BA75D15D132B600A1B1AA /* CoverflowSelectViewController.m */; };
		A90BA76015D132B600A1B1AA /* CoverflowSelectViewController.xib in Resources */ = {isa = PBXBuildFile; fileRef = A90BA75E15D132B600A1B1AA /* CoverflowSelectViewController.xib */; };
		A90BA76515D132DA00A1B1AA /* SongInformationViewController.m in Sources */ = {isa = PBXBuildFile; fileRef = A90BA76315D132DA00A1B1AA /* SongInformationViewController.m */; };
		A90BA76615D132DA00A1B1AA /* SongInformationViewController.xib in Resources */ = {isa = PBXBuildFile; fileRef = A90BA76415D132DA00A1B1AA /* SongInformationViewController.xib */; };
		A90BA76915D1330200A1B1AA /* QuartzCore.framework in Frameworks */ = {isa = PBXBuildFile; fileRef = A90BA76815D1330200A1B1AA /* QuartzCore.framework */; };
		A90FF36015BE9D00002D8EA6 /* MediaPlayer.framework in Frameworks */ = {isa = PBXBuildFile; fileRef = A90FF35F15BE9D00002D8EA6 /* MediaPlayer.framework */; };
		A910B5B315C40DE000C0C49A /* MusicLibraryTabBarItem.png in Resources */ = {isa = PBXBuildFile; fileRef = A910B5B215C40DE000C0C49A /* MusicLibraryTabBarItem.png */; };
		A910B5B515C40E1200C0C49A /* NowPlayingTabBarItem.png in Resources */ = {isa = PBXBuildFile; fileRef = A910B5B415C40E1200C0C49A /* NowPlayingTabBarItem.png */; };
		A919397F15CB7EB9001C48CE /* DFMusicQuery.m in Sources */ = {isa = PBXBuildFile; fileRef = A919397E15CB7EB9001C48CE /* DFMusicQuery.m */; };
		A919398315CB85D4001C48CE /* DFSongInformation.m in Sources */ = {isa = PBXBuildFile; fileRef = A919398215CB85D3001C48CE /* DFSongInformation.m */; };
		A982CAC115D002AA00D51D5E /* pinyin.m in Sources */ = {isa = PBXBuildFile; fileRef = A982CABF15D002AA00D51D5E /* pinyin.m */; };
		A9BE9CE915BD7B330004822D /* DFQianQianLyricsDownloader.m in Sources */ = {isa = PBXBuildFile; fileRef = A9BE9CE815BD7B330004822D /* DFQianQianLyricsDownloader.m */; };
		A9BE9CED15BD806D0004822D /* DFLyricsReader.m in Sources */ = {isa = PBXBuildFile; fileRef = A9BE9CEC15BD806D0004822D /* DFLyricsReader.m */; };
		A9BE9CF015BD86E00004822D /* LyricsRow.m in Sources */ = {isa = PBXBuildFile; fileRef = A9BE9CEF15BD86E00004822D /* LyricsRow.m */; };
		A9C3636E15BD20620027ACDB /* UIKit.framework in Frameworks */ = {isa = PBXBuildFile; fileRef = A9C3636D15BD20620027ACDB /* UIKit.framework */; };
		A9C3637015BD20620027ACDB /* Foundation.framework in Frameworks */ = {isa = PBXBuildFile; fileRef = A9C3636F15BD20620027ACDB /* Foundation.framework */; };
		A9C3637215BD20620027ACDB /* CoreGraphics.framework in Frameworks */ = {isa = PBXBuildFile; fileRef = A9C3637115BD20620027ACDB /* CoreGraphics.framework */; };
		A9C3637815BD20620027ACDB /* InfoPlist.strings in Resources */ = {isa = PBXBuildFile; fileRef = A9C3637615BD20620027ACDB /* InfoPlist.strings */; };
		A9C3637A15BD20620027ACDB /* main.m in Sources */ = {isa = PBXBuildFile; fileRef = A9C3637915BD20620027ACDB /* main.m */; };
		A9C3637E15BD20620027ACDB /* AppDelegate.m in Sources */ = {isa = PBXBuildFile; fileRef = A9C3637D15BD20620027ACDB /* AppDelegate.m */; };
		A9C3638615BD20C30027ACDB /* SwitchViewController.m in Sources */ = {isa = PBXBuildFile; fileRef = A9C3638515BD20C30027ACDB /* SwitchViewController.m */; };
		A9C3638815BD20EC0027ACDB /* MainWindow.xib in Resources */ = {isa = PBXBuildFile; fileRef = A9C3638715BD20EC0027ACDB /* MainWindow.xib */; };
		A9C3638F15BD21F60027ACDB /* LyricsViewController.m in Sources */ = {isa = PBXBuildFile; fileRef = A9C3638E15BD21F60027ACDB /* LyricsViewController.m */; };
		A9C3639115BD22070027ACDB /* LyricsView.xib in Resources */ = {isa = PBXBuildFile; fileRef = A9C3639015BD22070027ACDB /* LyricsView.xib */; };
		A9C819A015C4DC7C002B3A7A /* DFDownloader.m in Sources */ = {isa = PBXBuildFile; fileRef = A9C8199F15C4DC7C002B3A7A /* DFDownloader.m */; };
		A9EAA9D215C0D55300D4CBE7 /* DFLyricsMusicPlayer.m in Sources */ = {isa = PBXBuildFile; fileRef = A9EAA9D115C0D55300D4CBE7 /* DFLyricsMusicPlayer.m */; };
		A9FEB8CB15BED29600D3C121 /* Entitlement.plist in Resources */ = {isa = PBXBuildFile; fileRef = A9FEB8CA15BED29600D3C121 /* Entitlement.plist */; };
		A9FEB8CD15BED69800D3C121 /* no_album.png in Resources */ = {isa = PBXBuildFile; fileRef = A9FEB8CC15BED69800D3C121 /* no_album.png */; };
/* End PBXBuildFile section */

/* Begin PBXFileReference section */
		A903C23915D0CB34004609F2 /* POAPinyin.h */ = {isa = PBXFileReference; fileEncoding = 4; lastKnownFileType = sourcecode.c.h; path = POAPinyin.h; sourceTree = "<group>"; };
		A903C23A15D0CB34004609F2 /* POAPinyin.m */ = {isa = PBXFileReference; fileEncoding = 4; lastKnownFileType = sourcecode.c.objc; path = POAPinyin.m; sourceTree = "<group>"; };
		A904D65415BE829A00588F92 /* AVFoundation.framework */ = {isa = PBXFileReference; lastKnownFileType = wrapper.framework; name = AVFoundation.framework; path = System/Library/Frameworks/AVFoundation.framework; sourceTree = SDKROOT; };
		A90BA72515D12F8000A1B1AA /* TapkuCoverFlow.h */ = {isa = PBXFileReference; fileEncoding = 4; lastKnownFileType = sourcecode.c.h; path = TapkuCoverFlow.h; sourceTree = "<group>"; };
		A90BA72615D12F8000A1B1AA /* TKCoverflowCoverView.h */ = {isa = PBXFileReference; fileEncoding = 4; lastKnownFileType = sourcecode.c.h; path = TKCoverflowCoverView.h; sourceTree = "<group>"; };
		A90BA72715D12F8000A1B1AA /* TKCoverflowCoverView.m */ = {isa = PBXFileReference; fileEncoding = 4; lastKnownFileType = sourcecode.c.objc; path = TKCoverflowCoverView.m; sourceTree = "<group>"; };
		A90BA72815D12F8000A1B1AA /* TKCoverflowView.h */ = {isa = PBXFileReference; fileEncoding = 4; lastKnownFileType = sourcecode.c.h; path = TKCoverflowView.h; sourceTree = "<group>"; };
		A90BA72915D12F8000A1B1AA /* TKCoverflowView.m */ = {isa = PBXFileReference; fileEncoding = 4; lastKnownFileType = sourcecode.c.objc; path = TKCoverflowView.m; sourceTree = "<group>"; };
		A90BA72A15D12F8000A1B1AA /* TKGlobal.h */ = {isa = PBXFileReference; fileEncoding = 4; lastKnownFileType = sourcecode.c.h; path = TKGlobal.h; sourceTree = "<group>"; };
		A90BA72B15D12F8000A1B1AA /* TKGlobal.m */ = {isa = PBXFileReference; fileEncoding = 4; lastKnownFileType = sourcecode.c.objc; path = TKGlobal.m; sourceTree = "<group>"; };
		A90BA72C15D12F8000A1B1AA /* UIImage+TKCategory.h */ = {isa = PBXFileReference; fileEncoding = 4; lastKnownFileType = sourcecode.c.h; path = "UIImage+TKCategory.h"; sourceTree = "<group>"; };
		A90BA72D15D12F8000A1B1AA /* UIImage+TKCategory.m */ = {isa = PBXFileReference; fileEncoding = 4; lastKnownFileType = sourcecode.c.objc; path = "UIImage+TKCategory.m"; sourceTree = "<group>"; };
		A90BA72E15D12F8000A1B1AA /* UIView+TKCategory.h */ = {isa = PBXFileReference; fileEncoding = 4; lastKnownFileType = sourcecode.c.h; path = "UIView+TKCategory.h"; sourceTree = "<group>"; };
		A90BA72F15D12F8000A1B1AA /* UIView+TKCategory.m */ = {isa = PBXFileReference; fileEncoding = 4; lastKnownFileType = sourcecode.c.objc; path = "UIView+TKCategory.m"; sourceTree = "<group>"; };
		A90BA73615D12F9D00A1B1AA /* FPPopoverController.h */ = {isa = PBXFileReference; fileEncoding = 4; lastKnownFileType = sourcecode.c.h; path = FPPopoverController.h; sourceTree = "<group>"; };
		A90BA73715D12F9D00A1B1AA /* FPPopoverController.m */ = {isa = PBXFileReference; fileEncoding = 4; lastKnownFileType = sourcecode.c.objc; path = FPPopoverController.m; sourceTree = "<group>"; };
		A90BA73815D12F9D00A1B1AA /* FPPopoverView.h */ = {isa = PBXFileReference; fileEncoding = 4; lastKnownFileType = sourcecode.c.h; path = FPPopoverView.h; sourceTree = "<group>"; };
		A90BA73915D12F9D00A1B1AA /* FPPopoverView.m */ = {isa = PBXFileReference; fileEncoding = 4; lastKnownFileType = sourcecode.c.objc; path = FPPopoverView.m; sourceTree = "<group>"; };
		A90BA73A15D12F9D00A1B1AA /* FPTouchView.h */ = {isa = PBXFileReference; fileEncoding = 4; lastKnownFileType = sourcecode.c.h; path = FPTouchView.h; sourceTree = "<group>"; };
		A90BA73B15D12F9D00A1B1AA /* FPTouchView.m */ = {isa = PBXFileReference; fileEncoding = 4; lastKnownFileType = sourcecode.c.objc; path = FPTouchView.m; sourceTree = "<group>"; };
		A90BA74115D1318C00A1B1AA /* IPodLibrarySwitchViewController.h */ = {isa = PBXFileReference; fileEncoding = 4; lastKnownFileType = sourcecode.c.h; path = IPodLibrarySwitchViewController.h; sourceTree = "<group>"; };
		A90BA74215D1319700A1B1AA /* IPodLibrarySwitchViewController.m */ = {isa = PBXFileReference; fileEncoding = 4; lastKnownFileType = sourcecode.c.objc; path = IPodLibrarySwitchViewController.m; sourceTree = "<group>"; };
		A90BA74415D131B000A1B1AA /* IPodLibraryMainViewController.h */ = {isa = PBXFileReference; fileEncoding = 4; lastKnownFileType = sourcecode.c.h; path = IPodLibraryMainViewController.h; sourceTree = "<group>"; };
		A90BA74515D131B000A1B1AA /* IPodLibraryMainViewController.m */ = {isa = PBXFileReference; fileEncoding = 4; lastKnownFileType = sourcecode.c.objc; path = IPodLibraryMainViewController.m; sourceTree = "<group>"; };
		A90BA74615D131B000A1B1AA /* IPodLibraryMainViewController.xib */ = {isa = PBXFileReference; fileEncoding = 4; lastKnownFileType = file.xib; path = IPodLibraryMainViewController.xib; sourceTree = "<group>"; };
		A90BA74C15D1326900A1B1AA /* AllSongsViewController.h */ = {isa = PBXFileReference; fileEncoding = 4; lastKnownFileType = sourcecode.c.h; path = AllSongsViewController.h; sourceTree = "<group>"; };
		A90BA74D15D1326900A1B1AA /* AllSongsViewController.m */ = {isa = PBXFileReference; fileEncoding = 4; lastKnownFileType = sourcecode.c.objc; path = AllSongsViewController.m; sourceTree = "<group>"; };
		A90BA74E15D1326900A1B1AA /* AllSongsViewController.xib */ = {isa = PBXFileReference; fileEncoding = 4; lastKnownFileType = file.xib; path = AllSongsViewController.xib; sourceTree = "<group>"; };
		A90BA75215D1328800A1B1AA /* AlbumViewController.h */ = {isa = PBXFileReference; fileEncoding = 4; lastKnownFileType = sourcecode.c.h; path = AlbumViewController.h; sourceTree = "<group>"; };
		A90BA75315D1328800A1B1AA /* AlbumViewController.m */ = {isa = PBXFileReference; fileEncoding = 4; lastKnownFileType = sourcecode.c.objc; path = AlbumViewController.m; sourceTree = "<group>"; };
		A90BA75415D1328800A1B1AA /* AlbumViewController.xib */ = {isa = PBXFileReference; fileEncoding = 4; lastKnownFileType = file.xib; path = AlbumViewController.xib; sourceTree = "<group>"; };
		A90BA75815D132A000A1B1AA /* CoverFlowViewController.h */ = {isa = PBXFileReference; fileEncoding = 4; lastKnownFileType = sourcecode.c.h; path = CoverFlowViewController.h; sourceTree = "<group>"; };
		A90BA75915D132A000A1B1AA /* CoverFlowViewController.m */ = {isa = PBXFileReference; fileEncoding = 4; lastKnownFileType = sourcecode.c.objc; path = CoverFlowViewController.m; sourceTree = "<group>"; };
		A90BA75C15D132B600A1B1AA /* CoverflowSelectViewController.h */ = {isa = PBXFileReference; fileEncoding = 4; lastKnownFileType = sourcecode.c.h; path = CoverflowSelectViewController.h; sourceTree = "<group>"; };
		A90BA75D15D132B600A1B1AA /* CoverflowSelectViewController.m */ = {isa = PBXFileReference; fileEncoding = 4; lastKnownFileType = sourcecode.c.objc; path = CoverflowSelectViewController.m; sourceTree = "<group>"; };
		A90BA75E15D132B600A1B1AA /* CoverflowSelectViewController.xib */ = {isa = PBXFileReference; fileEncoding = 4; lastKnownFileType = file.xib; path = CoverflowSelectViewController.xib; sourceTree = "<group>"; };
		A90BA76215D132DA00A1B1AA /* SongInformationViewController.h */ = {isa = PBXFileReference; fileEncoding = 4; lastKnownFileType = sourcecode.c.h; path = SongInformationViewController.h; sourceTree = "<group>"; };
		A90BA76315D132DA00A1B1AA /* SongInformationViewController.m */ = {isa = PBXFileReference; fileEncoding = 4; lastKnownFileType = sourcecode.c.objc; path = SongInformationViewController.m; sourceTree = "<group>"; };
		A90BA76415D132DA00A1B1AA /* SongInformationViewController.xib */ = {isa = PBXFileReference; fileEncoding = 4; lastKnownFileType = file.xib; path = SongInformationViewController.xib; sourceTree = "<group>"; };
		A90BA76815D1330200A1B1AA /* QuartzCore.framework */ = {isa = PBXFileReference; lastKnownFileType = wrapper.framework; name = QuartzCore.framework; path = System/Library/Frameworks/QuartzCore.framework; sourceTree = SDKROOT; };
		A90FF35F15BE9D00002D8EA6 /* MediaPlayer.framework */ = {isa = PBXFileReference; lastKnownFileType = wrapper.framework; name = MediaPlayer.framework; path = System/Library/Frameworks/MediaPlayer.framework; sourceTree = SDKROOT; };
		A910B5B215C40DE000C0C49A /* MusicLibraryTabBarItem.png */ = {isa = PBXFileReference; lastKnownFileType = image.png; path = MusicLibraryTabBarItem.png; sourceTree = "<group>"; };
		A910B5B415C40E1200C0C49A /* NowPlayingTabBarItem.png */ = {isa = PBXFileReference; lastKnownFileType = image.png; path = NowPlayingTabBarItem.png; sourceTree = "<group>"; };
		A919397D15CB7EB9001C48CE /* DFMusicQuery.h */ = {isa = PBXFileReference; fileEncoding = 4; lastKnownFileType = sourcecode.c.h; path = DFMusicQuery.h; sourceTree = "<group>"; };
		A919397E15CB7EB9001C48CE /* DFMusicQuery.m */ = {isa = PBXFileReference; fileEncoding = 4; lastKnownFileType = sourcecode.c.objc; path = DFMusicQuery.m; sourceTree = "<group>"; };
		A919398115CB85D3001C48CE /* DFSongInformation.h */ = {isa = PBXFileReference; fileEncoding = 4; lastKnownFileType = sourcecode.c.h; path = DFSongInformation.h; sourceTree = "<group>"; };
		A919398215CB85D3001C48CE /* DFSongInformation.m */ = {isa = PBXFileReference; fileEncoding = 4; lastKnownFileType = sourcecode.c.objc; path = DFSongInformation.m; sourceTree = "<group>"; };
		A982CABF15D002AA00D51D5E /* pinyin.m */ = {isa = PBXFileReference; fileEncoding = 4; lastKnownFileType = sourcecode.c.objc; path = pinyin.m; sourceTree = "<group>"; };
		A982CAC015D002AA00D51D5E /* pinyin.h */ = {isa = PBXFileReference; fileEncoding = 4; lastKnownFileType = sourcecode.c.h; path = pinyin.h; sourceTree = "<group>"; };
		A9B17C2E15D15DFD00E53367 /* Constents.h */ = {isa = PBXFileReference; lastKnownFileType = sourcecode.c.h; path = Constents.h; sourceTree = "<group>"; };
		A9BE9CE715BD7B330004822D /* DFQianQianLyricsDownloader.h */ = {isa = PBXFileReference; fileEncoding = 4; lastKnownFileType = sourcecode.c.h; path = DFQianQianLyricsDownloader.h; sourceTree = "<group>"; };
		A9BE9CE815BD7B330004822D /* DFQianQianLyricsDownloader.m */ = {isa = PBXFileReference; fileEncoding = 4; lastKnownFileType = sourcecode.c.objc; path = DFQianQianLyricsDownloader.m; sourceTree = "<group>"; };
		A9BE9CEB15BD806D0004822D /* DFLyricsReader.h */ = {isa = PBXFileReference; fileEncoding = 4; lastKnownFileType = sourcecode.c.h; path = DFLyricsReader.h; sourceTree = "<group>"; };
		A9BE9CEC15BD806D0004822D /* DFLyricsReader.m */ = {isa = PBXFileReference; fileEncoding = 4; lastKnownFileType = sourcecode.c.objc; path = DFLyricsReader.m; sourceTree = "<group>"; };
		A9BE9CEE15BD86E00004822D /* LyricsRow.h */ = {isa = PBXFileReference; fileEncoding = 4; lastKnownFileType = sourcecode.c.h; path = LyricsRow.h; sourceTree = "<group>"; };
		A9BE9CEF15BD86E00004822D /* LyricsRow.m */ = {isa = PBXFileReference; fileEncoding = 4; lastKnownFileType = sourcecode.c.objc; path = LyricsRow.m; sourceTree = "<group>"; };
		A9C3636915BD20620027ACDB /* MusicPlayer.app */ = {isa = PBXFileReference; explicitFileType = wrapper.application; includeInIndex = 0; path = MusicPlayer.app; sourceTree = BUILT_PRODUCTS_DIR; };
		A9C3636D15BD20620027ACDB /* UIKit.framework */ = {isa = PBXFileReference; lastKnownFileType = wrapper.framework; name = UIKit.framework; path = System/Library/Frameworks/UIKit.framework; sourceTree = SDKROOT; };
		A9C3636F15BD20620027ACDB /* Foundation.framework */ = {isa = PBXFileReference; lastKnownFileType = wrapper.framework; name = Foundation.framework; path = System/Library/Frameworks/Foundation.framework; sourceTree = SDKROOT; };
		A9C3637115BD20620027ACDB /* CoreGraphics.framework */ = {isa = PBXFileReference; lastKnownFileType = wrapper.framework; name = CoreGraphics.framework; path = System/Library/Frameworks/CoreGraphics.framework; sourceTree = SDKROOT; };
		A9C3637515BD20620027ACDB /* MusicPlayer-Info.plist */ = {isa = PBXFileReference; lastKnownFileType = text.plist.xml; path = "MusicPlayer-Info.plist"; sourceTree = "<group>"; };
		A9C3637715BD20620027ACDB /* en */ = {isa = PBXFileReference; lastKnownFileType = text.plist.strings; name = en; path = en.lproj/InfoPlist.strings; sourceTree = "<group>"; };
		A9C3637915BD20620027ACDB /* main.m */ = {isa = PBXFileReference; lastKnownFileType = sourcecode.c.objc; path = main.m; sourceTree = "<group>"; };
		A9C3637B15BD20620027ACDB /* MusicPlayer-Prefix.pch */ = {isa = PBXFileReference; lastKnownFileType = sourcecode.c.h; path = "MusicPlayer-Prefix.pch"; sourceTree = "<group>"; };
		A9C3637C15BD20620027ACDB /* AppDelegate.h */ = {isa = PBXFileReference; lastKnownFileType = sourcecode.c.h; path = AppDelegate.h; sourceTree = "<group>"; };
		A9C3637D15BD20620027ACDB /* AppDelegate.m */ = {isa = PBXFileReference; lastKnownFileType = sourcecode.c.objc; path = AppDelegate.m; sourceTree = "<group>"; };
		A9C3638415BD20C30027ACDB /* SwitchViewController.h */ = {isa = PBXFileReference; fileEncoding = 4; lastKnownFileType = sourcecode.c.h; path = SwitchViewController.h; sourceTree = "<group>"; };
		A9C3638515BD20C30027ACDB /* SwitchViewController.m */ = {isa = PBXFileReference; fileEncoding = 4; lastKnownFileType = sourcecode.c.objc; path = SwitchViewController.m; sourceTree = "<group>"; };
		A9C3638715BD20EC0027ACDB /* MainWindow.xib */ = {isa = PBXFileReference; fileEncoding = 4; lastKnownFileType = file.xib; path = MainWindow.xib; sourceTree = "<group>"; };
		A9C3638D15BD21F60027ACDB /* LyricsViewController.h */ = {isa = PBXFileReference; fileEncoding = 4; lastKnownFileType = sourcecode.c.h; path = LyricsViewController.h; sourceTree = "<group>"; };
		A9C3638E15BD21F60027ACDB /* LyricsViewController.m */ = {isa = PBXFileReference; fileEncoding = 4; lastKnownFileType = sourcecode.c.objc; path = LyricsViewController.m; sourceTree = "<group>"; };
		A9C3639015BD22070027ACDB /* LyricsView.xib */ = {isa = PBXFileReference; fileEncoding = 4; lastKnownFileType = file.xib; path = LyricsView.xib; sourceTree = "<group>"; };
		A9C8199E15C4DC7C002B3A7A /* DFDownloader.h */ = {isa = PBXFileReference; fileEncoding = 4; lastKnownFileType = sourcecode.c.h; path = DFDownloader.h; sourceTree = "<group>"; };
		A9C8199F15C4DC7C002B3A7A /* DFDownloader.m */ = {isa = PBXFileReference; fileEncoding = 4; lastKnownFileType = sourcecode.c.objc; path = DFDownloader.m; sourceTree = "<group>"; };
		A9EAA9D015C0D55300D4CBE7 /* DFLyricsMusicPlayer.h */ = {isa = PBXFileReference; fileEncoding = 4; lastKnownFileType = sourcecode.c.h; path = DFLyricsMusicPlayer.h; sourceTree = "<group>"; };
		A9EAA9D115C0D55300D4CBE7 /* DFLyricsMusicPlayer.m */ = {isa = PBXFileReference; fileEncoding = 4; lastKnownFileType = sourcecode.c.objc; path = DFLyricsMusicPlayer.m; sourceTree = "<group>"; };
		A9F6CC0B15D257710049770B /* Config.h */ = {isa = PBXFileReference; lastKnownFileType = sourcecode.c.h; path = Config.h; sourceTree = "<group>"; };
		A9FEB8CA15BED29600D3C121 /* Entitlement.plist */ = {isa = PBXFileReference; fileEncoding = 4; lastKnownFileType = text.plist.xml; name = Entitlement.plist; path = MusicPlayer/Entitlement.plist; sourceTree = "<group>"; };
		A9FEB8CC15BED69800D3C121 /* no_album.png */ = {isa = PBXFileReference; lastKnownFileType = image.png; path = no_album.png; sourceTree = "<group>"; };
/* End PBXFileReference section */

/* Begin PBXFrameworksBuildPhase section */
		A9C3636615BD20620027ACDB /* Frameworks */ = {
			isa = PBXFrameworksBuildPhase;
			buildActionMask = 2147483647;
			files = (
				A90BA76915D1330200A1B1AA /* QuartzCore.framework in Frameworks */,
				A90FF36015BE9D00002D8EA6 /* MediaPlayer.framework in Frameworks */,
				A904D65515BE829A00588F92 /* AVFoundation.framework in Frameworks */,
				A9C3636E15BD20620027ACDB /* UIKit.framework in Frameworks */,
				A9C3637015BD20620027ACDB /* Foundation.framework in Frameworks */,
				A9C3637215BD20620027ACDB /* CoreGraphics.framework in Frameworks */,
			);
			runOnlyForDeploymentPostprocessing = 0;
		};
/* End PBXFrameworksBuildPhase section */

/* Begin PBXGroup section */
		A90BA72315D12F6C00A1B1AA /* PinYin */ = {
			isa = PBXGroup;
			children = (
				A982CAC015D002AA00D51D5E /* pinyin.h */,
				A982CABF15D002AA00D51D5E /* pinyin.m */,
				A903C23915D0CB34004609F2 /* POAPinyin.h */,
				A903C23A15D0CB34004609F2 /* POAPinyin.m */,
			);
			name = PinYin;
			sourceTree = "<group>";
		};
		A90BA73515D12F8600A1B1AA /* TapkuCoverFlow */ = {
			isa = PBXGroup;
			children = (
				A90BA72515D12F8000A1B1AA /* TapkuCoverFlow.h */,
				A90BA72615D12F8000A1B1AA /* TKCoverflowCoverView.h */,
				A90BA72715D12F8000A1B1AA /* TKCoverflowCoverView.m */,
				A90BA72815D12F8000A1B1AA /* TKCoverflowView.h */,
				A90BA72915D12F8000A1B1AA /* TKCoverflowView.m */,
				A90BA72A15D12F8000A1B1AA /* TKGlobal.h */,
				A90BA72B15D12F8000A1B1AA /* TKGlobal.m */,
				A90BA72C15D12F8000A1B1AA /* UIImage+TKCategory.h */,
				A90BA72D15D12F8000A1B1AA /* UIImage+TKCategory.m */,
				A90BA72E15D12F8000A1B1AA /* UIView+TKCategory.h */,
				A90BA72F15D12F8000A1B1AA /* UIView+TKCategory.m */,
			);
			name = TapkuCoverFlow;
			sourceTree = "<group>";
		};
		A90BA73F15D12FA100A1B1AA /* FPPopover */ = {
			isa = PBXGroup;
			children = (
				A90BA73615D12F9D00A1B1AA /* FPPopoverController.h */,
				A90BA73715D12F9D00A1B1AA /* FPPopoverController.m */,
				A90BA73815D12F9D00A1B1AA /* FPPopoverView.h */,
				A90BA73915D12F9D00A1B1AA /* FPPopoverView.m */,
				A90BA73A15D12F9D00A1B1AA /* FPTouchView.h */,
				A90BA73B15D12F9D00A1B1AA /* FPTouchView.m */,
			);
			name = FPPopover;
			sourceTree = "<group>";
		};
		A90BA74015D12FAE00A1B1AA /* Libraries */ = {
			isa = PBXGroup;
			children = (
				A90BA73F15D12FA100A1B1AA /* FPPopover */,
				A90BA73515D12F8600A1B1AA /* TapkuCoverFlow */,
				A90BA72315D12F6C00A1B1AA /* PinYin */,
			);
			name = Libraries;
			sourceTree = "<group>";
		};
		A90BA74915D131B300A1B1AA /* SwitchViewController */ = {
			isa = PBXGroup;
			children = (
				A90BA74115D1318C00A1B1AA /* IPodLibrarySwitchViewController.h */,
				A90BA74215D1319700A1B1AA /* IPodLibrarySwitchViewController.m */,
			);
			name = SwitchViewController;
			sourceTree = "<group>";
		};
		A90BA74A15D131BD00A1B1AA /* MainViewController */ = {
			isa = PBXGroup;
			children = (
				A90BA74415D131B000A1B1AA /* IPodLibraryMainViewController.h */,
				A90BA74515D131B000A1B1AA /* IPodLibraryMainViewController.m */,
				A90BA74615D131B000A1B1AA /* IPodLibraryMainViewController.xib */,
			);
			name = MainViewController;
			sourceTree = "<group>";
		};
		A90BA75115D1326D00A1B1AA /* AllSongsViewController */ = {
			isa = PBXGroup;
			children = (
				A90BA74C15D1326900A1B1AA /* AllSongsViewController.h */,
				A90BA74D15D1326900A1B1AA /* AllSongsViewController.m */,
				A90BA74E15D1326900A1B1AA /* AllSongsViewController.xib */,
			);
			name = AllSongsViewController;
			sourceTree = "<group>";
		};
		A90BA75715D1328C00A1B1AA /* AlbumViewController */ = {
			isa = PBXGroup;
			children = (
				A90BA75215D1328800A1B1AA /* AlbumViewController.h */,
				A90BA75315D1328800A1B1AA /* AlbumViewController.m */,
				A90BA75415D1328800A1B1AA /* AlbumViewController.xib */,
			);
			name = AlbumViewController;
			sourceTree = "<group>";
		};
		A90BA75B15D132A400A1B1AA /* CoverFlowViewController */ = {
			isa = PBXGroup;
			children = (
				A90BA75815D132A000A1B1AA /* CoverFlowViewController.h */,
				A90BA75915D132A000A1B1AA /* CoverFlowViewController.m */,
			);
			name = CoverFlowViewController;
			sourceTree = "<group>";
		};
		A90BA76115D132B900A1B1AA /* CoverFlowSelectViewController */ = {
			isa = PBXGroup;
			children = (
				A90BA75C15D132B600A1B1AA /* CoverflowSelectViewController.h */,
				A90BA75D15D132B600A1B1AA /* CoverflowSelectViewController.m */,
				A90BA75E15D132B600A1B1AA /* CoverflowSelectViewController.xib */,
			);
			name = CoverFlowSelectViewController;
			sourceTree = "<group>";
		};
		A90BA76715D132DF00A1B1AA /* SongInformationViewController */ = {
			isa = PBXGroup;
			children = (
				A90BA76215D132DA00A1B1AA /* SongInformationViewController.h */,
				A90BA76315D132DA00A1B1AA /* SongInformationViewController.m */,
				A90BA76415D132DA00A1B1AA /* SongInformationViewController.xib */,
			);
			name = SongInformationViewController;
			sourceTree = "<group>";
		};
		A9C3635E15BD20620027ACDB = {
			isa = PBXGroup;
			children = (
				A9FEB8CA15BED29600D3C121 /* Entitlement.plist */,
				A9C3637315BD20620027ACDB /* MusicPlayer */,
				A9C3636C15BD20620027ACDB /* Frameworks */,
				A9C3636A15BD20620027ACDB /* Products */,
			);
			sourceTree = "<group>";
		};
		A9C3636A15BD20620027ACDB /* Products */ = {
			isa = PBXGroup;
			children = (
				A9C3636915BD20620027ACDB /* MusicPlayer.app */,
			);
			name = Products;
			sourceTree = "<group>";
		};
		A9C3636C15BD20620027ACDB /* Frameworks */ = {
			isa = PBXGroup;
			children = (
				A90BA76815D1330200A1B1AA /* QuartzCore.framework */,
				A90FF35F15BE9D00002D8EA6 /* MediaPlayer.framework */,
				A904D65415BE829A00588F92 /* AVFoundation.framework */,
				A9C3636D15BD20620027ACDB /* UIKit.framework */,
				A9C3636F15BD20620027ACDB /* Foundation.framework */,
				A9C3637115BD20620027ACDB /* CoreGraphics.framework */,
			);
			name = Frameworks;
			sourceTree = "<group>";
		};
		A9C3637315BD20620027ACDB /* MusicPlayer */ = {
			isa = PBXGroup;
			children = (
				A90BA74015D12FAE00A1B1AA /* Libraries */,
				A9F6CC0B15D257710049770B /* Config.h */,
				A9B17C2E15D15DFD00E53367 /* Constents.h */,
				A90BA76715D132DF00A1B1AA /* SongInformationViewController */,
				A90BA76115D132B900A1B1AA /* CoverFlowSelectViewController */,
				A90BA75B15D132A400A1B1AA /* CoverFlowViewController */,
				A90BA75715D1328C00A1B1AA /* AlbumViewController */,
				A90BA75115D1326D00A1B1AA /* AllSongsViewController */,
				A90BA74915D131B300A1B1AA /* SwitchViewController */,
				A90BA74A15D131BD00A1B1AA /* MainViewController */,
				A9C819A615C4E242002B3A7A /* ViewControllers */,
				A9C819A715C4E28B002B3A7A /* Classes */,
				A9C3637415BD20620027ACDB /* Supporting Files */,
			);
			path = MusicPlayer;
			sourceTree = "<group>";
		};
		A9C3637415BD20620027ACDB /* Supporting Files */ = {
			isa = PBXGroup;
			children = (
				A910B5B415C40E1200C0C49A /* NowPlayingTabBarItem.png */,
				A910B5B215C40DE000C0C49A /* MusicLibraryTabBarItem.png */,
				A9FEB8CC15BED69800D3C121 /* no_album.png */,
				A9C3637515BD20620027ACDB /* MusicPlayer-Info.plist */,
				A9C3637615BD20620027ACDB /* InfoPlist.strings */,
				A9C3637915BD20620027ACDB /* main.m */,
				A9C3637B15BD20620027ACDB /* MusicPlayer-Prefix.pch */,
			);
			name = "Supporting Files";
			sourceTree = "<group>";
		};
		A9C819A615C4E242002B3A7A /* ViewControllers */ = {
			isa = PBXGroup;
			children = (
				A9C3637C15BD20620027ACDB /* AppDelegate.h */,
				A9C3637D15BD20620027ACDB /* AppDelegate.m */,
				A9C3638415BD20C30027ACDB /* SwitchViewController.h */,
				A9C3638515BD20C30027ACDB /* SwitchViewController.m */,
				A9C3638715BD20EC0027ACDB /* MainWindow.xib */,
				A9C3638D15BD21F60027ACDB /* LyricsViewController.h */,
				A9C3638E15BD21F60027ACDB /* LyricsViewController.m */,
				A9C3639015BD22070027ACDB /* LyricsView.xib */,
				A919397D15CB7EB9001C48CE /* DFMusicQuery.h */,
				A919397E15CB7EB9001C48CE /* DFMusicQuery.m */,
			);
			name = ViewControllers;
			sourceTree = "<group>";
		};
		A9C819A715C4E28B002B3A7A /* Classes */ = {
			isa = PBXGroup;
			children = (
				A9BE9CE715BD7B330004822D /* DFQianQianLyricsDownloader.h */,
				A9BE9CE815BD7B330004822D /* DFQianQianLyricsDownloader.m */,
				A9BE9CEB15BD806D0004822D /* DFLyricsReader.h */,
				A9BE9CEC15BD806D0004822D /* DFLyricsReader.m */,
				A9EAA9D015C0D55300D4CBE7 /* DFLyricsMusicPlayer.h */,
				A9EAA9D115C0D55300D4CBE7 /* DFLyricsMusicPlayer.m */,
				A9C8199E15C4DC7C002B3A7A /* DFDownloader.h */,
				A9C8199F15C4DC7C002B3A7A /* DFDownloader.m */,
				A9BE9CEE15BD86E00004822D /* LyricsRow.h */,
				A9BE9CEF15BD86E00004822D /* LyricsRow.m */,
				A919398115CB85D3001C48CE /* DFSongInformation.h */,
				A919398215CB85D3001C48CE /* DFSongInformation.m */,
			);
			name = Classes;
			sourceTree = "<group>";
		};
/* End PBXGroup section */

/* Begin PBXNativeTarget section */
		A9C3636815BD20620027ACDB /* MusicPlayer */ = {
			isa = PBXNativeTarget;
			buildConfigurationList = A9C3638115BD20620027ACDB /* Build configuration list for PBXNativeTarget "MusicPlayer" */;
			buildPhases = (
				A9C3636515BD20620027ACDB /* Sources */,
				A9C3636615BD20620027ACDB /* Frameworks */,
				A9C3636715BD20620027ACDB /* Resources */,
			);
			buildRules = (
			);
			dependencies = (
			);
			name = MusicPlayer;
			productName = MusicPlayer;
			productReference = A9C3636915BD20620027ACDB /* MusicPlayer.app */;
			productType = "com.apple.product-type.application";
		};
/* End PBXNativeTarget section */

/* Begin PBXProject section */
		A9C3636015BD20620027ACDB /* Project object */ = {
			isa = PBXProject;
			attributes = {
				LastUpgradeCheck = 0440;
			};
			buildConfigurationList = A9C3636315BD20620027ACDB /* Build configuration list for PBXProject "MusicPlayer" */;
			compatibilityVersion = "Xcode 3.2";
			developmentRegion = English;
			hasScannedForEncodings = 0;
			knownRegions = (
				en,
			);
			mainGroup = A9C3635E15BD20620027ACDB;
			productRefGroup = A9C3636A15BD20620027ACDB /* Products */;
			projectDirPath = "";
			projectRoot = "";
			targets = (
				A9C3636815BD20620027ACDB /* MusicPlayer */,
			);
		};
/* End PBXProject section */

/* Begin PBXResourcesBuildPhase section */
		A9C3636715BD20620027ACDB /* Resources */ = {
			isa = PBXResourcesBuildPhase;
			buildActionMask = 2147483647;
			files = (
				A9C3637815BD20620027ACDB /* InfoPlist.strings in Resources */,
				A9C3638815BD20EC0027ACDB /* MainWindow.xib in Resources */,
				A9C3639115BD22070027ACDB /* LyricsView.xib in Resources */,
				A9FEB8CB15BED29600D3C121 /* Entitlement.plist in Resources */,
				A9FEB8CD15BED69800D3C121 /* no_album.png in Resources */,
				A910B5B315C40DE000C0C49A /* MusicLibraryTabBarItem.png in Resources */,
				A910B5B515C40E1200C0C49A /* NowPlayingTabBarItem.png in Resources */,
				A90BA74815D131B000A1B1AA /* IPodLibraryMainViewController.xib in Resources */,
				A90BA75015D1326900A1B1AA /* AllSongsViewController.xib in Resources */,
				A90BA75615D1328800A1B1AA /* AlbumViewController.xib in Resources */,
				A90BA76015D132B600A1B1AA /* CoverflowSelectViewController.xib in Resources */,
				A90BA76615D132DA00A1B1AA /* SongInformationViewController.xib in Resources */,
			);
			runOnlyForDeploymentPostprocessing = 0;
		};
/* End PBXResourcesBuildPhase section */

/* Begin PBXSourcesBuildPhase section */
		A9C3636515BD20620027ACDB /* Sources */ = {
			isa = PBXSourcesBuildPhase;
			buildActionMask = 2147483647;
			files = (
				A9C3637A15BD20620027ACDB /* main.m in Sources */,
				A9C3637E15BD20620027ACDB /* AppDelegate.m in Sources */,
				A9C3638615BD20C30027ACDB /* SwitchViewController.m in Sources */,
				A9C3638F15BD21F60027ACDB /* LyricsViewController.m in Sources */,
				A9BE9CE915BD7B330004822D /* DFQianQianLyricsDownloader.m in Sources */,
				A9BE9CED15BD806D0004822D /* DFLyricsReader.m in Sources */,
				A9BE9CF015BD86E00004822D /* LyricsRow.m in Sources */,
				A9EAA9D215C0D55300D4CBE7 /* DFLyricsMusicPlayer.m in Sources */,
				A9C819A015C4DC7C002B3A7A /* DFDownloader.m in Sources */,
				A919397F15CB7EB9001C48CE /* DFMusicQuery.m in Sources */,
				A919398315CB85D4001C48CE /* DFSongInformation.m in Sources */,
				A982CAC115D002AA00D51D5E /* pinyin.m in Sources */,
				A903C23B15D0CB34004609F2 /* POAPinyin.m in Sources */,
				A90BA73015D12F8000A1B1AA /* TKCoverflowCoverView.m in Sources */,
				A90BA73115D12F8000A1B1AA /* TKCoverflowView.m in Sources */,
				A90BA73215D12F8000A1B1AA /* TKGlobal.m in Sources */,
				A90BA73315D12F8000A1B1AA /* UIImage+TKCategory.m in Sources */,
				A90BA73415D12F8000A1B1AA /* UIView+TKCategory.m in Sources */,
				A90BA73C15D12F9D00A1B1AA /* FPPopoverController.m in Sources */,
				A90BA73D15D12F9D00A1B1AA /* FPPopoverView.m in Sources */,
				A90BA73E15D12F9D00A1B1AA /* FPTouchView.m in Sources */,
				A90BA74315D1319700A1B1AA /* IPodLibrarySwitchViewController.m in Sources */,
				A90BA74715D131B000A1B1AA /* IPodLibraryMainViewController.m in Sources */,
				A90BA74F15D1326900A1B1AA /* AllSongsViewController.m in Sources */,
				A90BA75515D1328800A1B1AA /* AlbumViewController.m in Sources */,
				A90BA75A15D132A000A1B1AA /* CoverFlowViewController.m in Sources */,
				A90BA75F15D132B600A1B1AA /* CoverflowSelectViewController.m in Sources */,
				A90BA76515D132DA00A1B1AA /* SongInformationViewController.m in Sources */,
			);
			runOnlyForDeploymentPostprocessing = 0;
		};
/* End PBXSourcesBuildPhase section */

/* Begin PBXVariantGroup section */
		A9C3637615BD20620027ACDB /* InfoPlist.strings */ = {
			isa = PBXVariantGroup;
			children = (
				A9C3637715BD20620027ACDB /* en */,
			);
			name = InfoPlist.strings;
			sourceTree = "<group>";
		};
/* End PBXVariantGroup section */

/* Begin XCBuildConfiguration section */
		A9C3637F15BD20620027ACDB /* Debug */ = {
			isa = XCBuildConfiguration;
			buildSettings = {
				ALWAYS_SEARCH_USER_PATHS = NO;
				ARCHS = "$(ARCHS_STANDARD_32_BIT)";
				"CODE_SIGN_IDENTITY[sdk=iphoneos*]" = "iPhone Developer";
				COPY_PHASE_STRIP = NO;
				GCC_C_LANGUAGE_STANDARD = gnu99;
				GCC_DYNAMIC_NO_PIC = NO;
				GCC_OPTIMIZATION_LEVEL = 0;
				GCC_PREPROCESSOR_DEFINITIONS = (
					"DEBUG=1",
					"$(inherited)",
				);
				GCC_SYMBOLS_PRIVATE_EXTERN = NO;
				GCC_VERSION = com.apple.compilers.llvm.clang.1_0;
				GCC_WARN_ABOUT_RETURN_TYPE = YES;
				GCC_WARN_UNINITIALIZED_AUTOS = YES;
				GCC_WARN_UNUSED_VARIABLE = YES;
				IPHONEOS_DEPLOYMENT_TARGET = 5.0;
				SDKROOT = iphoneos;
			};
			name = Debug;
		};
		A9C3638015BD20620027ACDB /* Release */ = {
			isa = XCBuildConfiguration;
			buildSettings = {
				ALWAYS_SEARCH_USER_PATHS = NO;
				ARCHS = "$(ARCHS_STANDARD_32_BIT)";
				"CODE_SIGN_IDENTITY[sdk=iphoneos*]" = "iPhone Developer";
				COPY_PHASE_STRIP = YES;
				GCC_C_LANGUAGE_STANDARD = gnu99;
				GCC_VERSION = com.apple.compilers.llvm.clang.1_0;
				GCC_WARN_ABOUT_RETURN_TYPE = YES;
				GCC_WARN_UNINITIALIZED_AUTOS = YES;
				GCC_WARN_UNUSED_VARIABLE = YES;
				IPHONEOS_DEPLOYMENT_TARGET = 5.0;
				OTHER_CFLAGS = "-DNS_BLOCK_ASSERTIONS=1";
				SDKROOT = iphoneos;
				VALIDATE_PRODUCT = YES;
			};
			name = Release;
		};
		A9C3638215BD20620027ACDB /* Debug */ = {
			isa = XCBuildConfiguration;
			buildSettings = {
				CODE_SIGN_ENTITLEMENTS = MusicPlayer/Entitlement.plist;
				CODE_SIGN_IDENTITY = "iPhone Developer";
				GCC_PRECOMPILE_PREFIX_HEADER = YES;
				GCC_PREFIX_HEADER = "MusicPlayer/MusicPlayer-Prefix.pch";
				INFOPLIST_FILE = "MusicPlayer/MusicPlayer-Info.plist";
				PRODUCT_NAME = "$(TARGET_NAME)";
				PROVISIONING_PROFILE = "";
				WRAPPER_EXTENSION = app;
			};
			name = Debug;
		};
		A9C3638315BD20620027ACDB /* Release */ = {
			isa = XCBuildConfiguration;
			buildSettings = {
				CODE_SIGN_ENTITLEMENTS = MusicPlayer/Entitlement.plist;
				CODE_SIGN_IDENTITY = "iPhone Developer";
				GCC_PRECOMPILE_PREFIX_HEADER = YES;
				GCC_PREFIX_HEADER = "MusicPlayer/MusicPlayer-Prefix.pch";
				INFOPLIST_FILE = "MusicPlayer/MusicPlayer-Info.plist";
				PRODUCT_NAME = "$(TARGET_NAME)";
				PROVISIONING_PROFILE = "";
				WRAPPER_EXTENSION = app;
			};
			name = Release;
		};
/* End XCBuildConfiguration section */

/* Begin XCConfigurationList section */
		A9C3636315BD20620027ACDB /* Build configuration list for PBXProject "MusicPlayer" */ = {
			isa = XCConfigurationList;
			buildConfigurations = (
				A9C3637F15BD20620027ACDB /* Debug */,
				A9C3638015BD20620027ACDB /* Release */,
			);
			defaultConfigurationIsVisible = 0;
			defaultConfigurationName = Release;
		};
		A9C3638115BD20620027ACDB /* Build configuration list for PBXNativeTarget "MusicPlayer" */ = {
			isa = XCConfigurationList;
			buildConfigurations = (
				A9C3638215BD20620027ACDB /* Debug */,
				A9C3638315BD20620027ACDB /* Release */,
			);
			defaultConfigurationIsVisible = 0;
			defaultConfigurationName = Release;
		};
/* End XCConfigurationList section */
	};
	rootObject = A9C3636015BD20620027ACDB /* Project object */;
}
